
Microsoft Visual Studio Solution File, Format Version 12.00
# Visual Studio Version 16
VisualStudioVersion = 16.0.30011.22
MinimumVisualStudioVersion = 10.0.40219.1
Project("{9A19103F-16F7-4668-BE54-9A1E7A4F7556}") = "Rigman", "Rigman\Rigman.csproj", "{3F15B44F-EC09-4D22-A295-0B36D850AF40}"
EndProject
Project("{9A19103F-16F7-4668-BE54-9A1E7A4F7556}") = "Rigman.Common", "Rigman.lib\Rigman.Common.csproj", "{9A963727-2282-4919-891B-DD1B1C8D8CB1}"
EndProject
Project("{9A19103F-16F7-4668-BE54-9A1E7A4F7556}") = "Rigman.Test", "Rigman.test\Rigman.Test.csproj", "{8314472B-FE7A-4F18-985B-B764E2FF2D9A}"
EndProject
Project("{9A19103F-16F7-4668-BE54-9A1E7A4F7556}") = "Rigman.Yaesu.FT891", "Rigman.Yaesu.FT891\Rigman.Yaesu.FT891.csproj", "{77CF11E9-B3D5-4765-8BFB-80F6FBD44AF8}"
EndProject
Global
	GlobalSection(SolutionConfigurationPlatforms) = preSolution
		Debug|Any CPU = Debug|Any CPU
		Release|Any CPU = Release|Any CPU
	EndGlobalSection
	GlobalSection(ProjectConfigurationPlatforms) = postSolution
		{3F15B44F-EC09-4D22-A295-0B36D850AF40}.Debug|Any CPU.ActiveCfg = Debug|Any CPU
		{3F15B44F-EC09-4D22-A295-0B36D850AF40}.Debug|Any CPU.Build.0 = Debug|Any CPU
		{3F15B44F-EC09-4D22-A295-0B36D850AF40}.Release|Any CPU.ActiveCfg = Release|Any CPU
		{3F15B44F-EC09-4D22-A295-0B36D850AF40}.Release|Any CPU.Build.0 = Release|Any CPU
		{9A963727-2282-4919-891B-DD1B1C8D8CB1}.Debug|Any CPU.ActiveCfg = Debug|Any CPU
		{9A963727-2282-4919-891B-DD1B1C8D8CB1}.Debug|Any CPU.Build.0 = Debug|Any CPU
		{9A963727-2282-4919-891B-DD1B1C8D8CB1}.Release|Any CPU.ActiveCfg = Release|Any CPU
		{9A963727-2282-4919-891B-DD1B1C8D8CB1}.Release|Any CPU.Build.0 = Release|Any CPU
		{8314472B-FE7A-4F18-985B-B764E2FF2D9A}.Debug|Any CPU.ActiveCfg = Debug|Any CPU
		{8314472B-FE7A-4F18-985B-B764E2FF2D9A}.Debug|Any CPU.Build.0 = Debug|Any CPU
		{8314472B-FE7A-4F18-985B-B764E2FF2D9A}.Release|Any CPU.ActiveCfg = Release|Any CPU
		{8314472B-FE7A-4F18-985B-B764E2FF2D9A}.Release|Any CPU.Build.0 = Release|Any CPU
		{77CF11E9-B3D5-4765-8BFB-80F6FBD44AF8}.Debug|Any CPU.ActiveCfg = Debug|Any CPU
		{77CF11E9-B3D5-4765-8BFB-80F6FBD44AF8}.Debug|Any CPU.Build.0 = Debug|Any CPU
		{77CF11E9-B3D5-4765-8BFB-80F6FBD44AF8}.Release|Any CPU.ActiveCfg = Release|Any CPU
		{77CF11E9-B3D5-4765-8BFB-80F6FBD44AF8}.Release|Any CPU.Build.0 = Release|Any CPU
	EndGlobalSection
	GlobalSection(SolutionProperties) = preSolution
		HideSolutionNode = FALSE
	EndGlobalSection
	GlobalSection(ExtensibilityGlobals) = postSolution
		SolutionGuid = {920AF478-27C0-4761-9D06-4B1066522177}
	EndGlobalSection
EndGlobal
